{
  "originHash" : "a746846393e89a657b9c6efc4737282efe39cfeee82adcec5526f03795ebd2b1",
  "pins" : [
    {
      "identity" : "iamjarl-design",
      "kind" : "remoteSourceControl",
      "location" : "https://github.com/jarllyng/iamjarl-design.git",
      "state" : {
        "revision" : "737d02af9823fc44e22fe8b9acef6af442b4b9fe",
        "version" : "1.2.1"
      }
    }
  ],
  "version" : 3
}
