// !$*UTF8*$!
{
	archiveVersion = 1;
	classes = {
	};
	objectVersion = 77;
	objects = {

/* Begin PBXContainerItemProxy section */
		3B5228482D6E843600CF16B0 /* PBXContainerItemProxy */ = {
			isa = PBXContainerItemProxy;
			containerPortal = 3B52282E2D6E843500CF16B0 /* Project object */;
			proxyType = 1;
			remoteGlobalIDString = 3B5228352D6E843500CF16B0;
			remoteInfo = TrimrPix;
		};
		3B5228522D6E843600CF16B0 /* PBXContainerItemProxy */ = {
			isa = PBXContainerItemProxy;
			containerPortal = 3B52282E2D6E843500CF16B0 /* Project object */;
			proxyType = 1;
			remoteGlobalIDString = 3B5228352D6E843500CF16B0;
			remoteInfo = TrimrPix;
		};
/* End PBXContainerItemProxy section */

/* Begin PBXFileReference section */
		3B5228362D6E843500CF16B0 /* TrimrPix.app */ = {isa = PBXFileReference; explicitFileType = wrapper.application; includeInIndex = 0; path = TrimrPix.app; sourceTree = BUILT_PRODUCTS_DIR; };
		3B5228472D6E843600CF16B0 /* TrimrPixTests.xctest */ = {isa = PBXFileReference; explicitFileType = wrapper.cfbundle; includeInIndex = 0; path = TrimrPixTests.xctest; sourceTree = BUILT_PRODUCTS_DIR; };
		3B5228512D6E843600CF16B0 /* TrimrPixUITests.xctest */ = {isa = PBXFileReference; explicitFileType = wrapper.cfbundle; includeInIndex = 0; path = TrimrPixUITests.xctest; sourceTree = BUILT_PRODUCTS_DIR; };
/* End PBXFileReference section */

/* Begin PBXFileSystemSynchronizedRootGroup section */
		3B5228382D6E843500CF16B0 /* TrimrPix */ = {
			isa = PBXFileSystemSynchronizedRootGroup;
			path = TrimrPix;
			sourceTree = "<group>";
		};
		3B52284A2D6E843600CF16B0 /* TrimrPixTests */ = {
			isa = PBXFileSystemSynchronizedRootGroup;
			path = TrimrPixTests;
			sourceTree = "<group>";
		};
		3B5228542D6E843600CF16B0 /* TrimrPixUITests */ = {
			isa = PBXFileSystemSynchronizedRootGroup;
			path = TrimrPixUITests;
			sourceTree = "<group>";
		};
/* End PBXFileSystemSynchronizedRootGroup section */

/* Begin PBXFrameworksBuildPhase section */
		3B5228332D6E843500CF16B0 /* Frameworks */ = {
			isa = PBXFrameworksBuildPhase;
			buildActionMask = 2147483647;
			files = (
			);
			runOnlyForDeploymentPostprocessing = 0;
		};
		3B5228442D6E843600CF16B0 /* Frameworks */ = {
			isa = PBXFrameworksBuildPhase;
			buildActionMask = 2147483647;
			files = (
			);
			runOnlyForDeploymentPostprocessing = 0;
		};
		3B52284E2D6E843600CF16B0 /* Frameworks */ = {
			isa = PBXFrameworksBuildPhase;
			buildActionMask = 2147483647;
			files = (
			);
			runOnlyForDeploymentPostprocessing = 0;
		};
/* End PBXFrameworksBuildPhase section */

/* Begin PBXGroup section */
		3B52282D2D6E843500CF16B0 = {
			isa = PBXGroup;
			children = (
				3B5228382D6E843500CF16B0 /* TrimrPix */,
				3B52284A2D6E843600CF16B0 /* TrimrPixTests */,
				3B5228542D6E843600CF16B0 /* TrimrPixUITests */,
				3B5228372D6E843500CF16B0 /* Products */,
			);
			sourceTree = "<group>";
		};
		3B5228372D6E843500CF16B0 /* Products */ = {
			isa = PBXGroup;
			children = (
				3B5228362D6E843500CF16B0 /* TrimrPix.app */,
				3B5228472D6E843600CF16B0 /* TrimrPixTests.xctest */,
				3B5228512D6E843600CF16B0 /* TrimrPixUITests.xctest */,
			);
			name = Products;
			sourceTree = "<group>";
		};
/* End PBXGroup section */

/* Begin PBXNativeTarget section */
		3B5228352D6E843500CF16B0 /* TrimrPix */ = {
			isa = PBXNativeTarget;
			buildConfigurationList = 3B52285B2D6E843600CF16B0 /* Build configuration list for PBXNativeTarget "TrimrPix" */;
			buildPhases = (
				3B5228322D6E843500CF16B0 /* Sources */,
				3B5228332D6E843500CF16B0 /* Frameworks */,
				3B5228342D6E843500CF16B0 /* Resources */,
			);
			buildRules = (
			);
			dependencies = (
			);
			fileSystemSynchronizedGroups = (
				3B5228382D6E843500CF16B0 /* TrimrPix */,
			);
			name = TrimrPix;
			packageProductDependencies = (
			);
			productName = TrimrPix;
			productReference = 3B5228362D6E843500CF16B0 /* TrimrPix.app */;
			productType = "com.apple.product-type.application";
		};
		3B5228462D6E843600CF16B0 /* TrimrPixTests */ = {
			isa = PBXNativeTarget;
			buildConfigurationList = 3B52285E2D6E843600CF16B0 /* Build configuration list for PBXNativeTarget "TrimrPixTests" */;
			buildPhases = (
				3B5228432D6E843600CF16B0 /* Sources */,
				3B5228442D6E843600CF16B0 /* Frameworks */,
				3B5228452D6E843600CF16B0 /* Resources */,
			);
			buildRules = (
			);
			dependencies = (
				3B5228492D6E843600CF16B0 /* PBXTargetDependency */,
			);
			fileSystemSynchronizedGroups = (
				3B52284A2D6E843600CF16B0 /* TrimrPixTests */,
			);
			name = TrimrPixTests;
			packageProductDependencies = (
			);
			productName = TrimrPixTests;
			productReference = 3B5228472D6E843600CF16B0 /* TrimrPixTests.xctest */;
			productType = "com.apple.product-type.bundle.unit-test";
		};
		3B5228502D6E843600CF16B0 /* TrimrPixUITests */ = {
			isa = PBXNativeTarget;
			buildConfigurationList = 3B5228612D6E843600CF16B0 /* Build configuration list for PBXNativeTarget "TrimrPixUITests" */;
			buildPhases = (
				3B52284D2D6E843600CF16B0 /* Sources */,
				3B52284E2D6E843600CF16B0 /* Frameworks */,
				3B52284F2D6E843600CF16B0 /* Resources */,
			);
			buildRules = (
			);
			dependencies = (
				3B5228532D6E843600CF16B0 /* PBXTargetDependency */,
			);
			fileSystemSynchronizedGroups = (
				3B5228542D6E843600CF16B0 /* TrimrPixUITests */,
			);
			name = TrimrPixUITests;
			packageProductDependencies = (
			);
			productName = TrimrPixUITests;
			productReference = 3B5228512D6E843600CF16B0 /* TrimrPixUITests.xctest */;
			productType = "com.apple.product-type.bundle.ui-testing";
		};
/* End PBXNativeTarget section */

/* Begin PBXProject section */
		3B52282E2D6E843500CF16B0 /* Project object */ = {
			isa = PBXProject;
			attributes = {
				BuildIndependentTargetsInParallel = 1;
				LastSwiftUpdateCheck = 1620;
				LastUpgradeCheck = 1620;
				TargetAttributes = {
					3B5228352D6E843500CF16B0 = {
						CreatedOnToolsVersion = 16.2;
					};
					3B5228462D6E843600CF16B0 = {
						CreatedOnToolsVersion = 16.2;
						TestTargetID = 3B5228352D6E843500CF16B0;
					};
					3B5228502D6E843600CF16B0 = {
						CreatedOnToolsVersion = 16.2;
						TestTargetID = 3B5228352D6E843500CF16B0;
					};
				};
			};
			buildConfigurationList = 3B5228312D6E843500CF16B0 /* Build configuration list for PBXProject "TrimrPix" */;
			developmentRegion = en;
			hasScannedForEncodings = 0;
			knownRegions = (
				en,
				Base,
			);
			mainGroup = 3B52282D2D6E843500CF16B0;
			minimizedProjectReferenceProxies = 1;
			preferredProjectObjectVersion = 77;
			productRefGroup = 3B5228372D6E843500CF16B0 /* Products */;
			projectDirPath = "";
			projectRoot = "";
			targets = (
				3B5228352D6E843500CF16B0 /* TrimrPix */,
				3B5228462D6E843600CF16B0 /* TrimrPixTests */,
				3B5228502D6E843600CF16B0 /* TrimrPixUITests */,
			);
		};
/* End PBXProject section */

/* Begin PBXResourcesBuildPhase section */
		3B5228342D6E843500CF16B0 /* Resources */ = {
			isa = PBXResourcesBuildPhase;
			buildActionMask = 2147483647;
			files = (
			);
			runOnlyForDeploymentPostprocessing = 0;
		};
		3B5228452D6E843600CF16B0 /* Resources */ = {
			isa = PBXResourcesBuildPhase;
			buildActionMask = 2147483647;
			files = (
			);
			runOnlyForDeploymentPostprocessing = 0;
		};
		3B52284F2D6E843600CF16B0 /* Resources */ = {
			isa = PBXResourcesBuildPhase;
			buildActionMask = 2147483647;
			files = (
			);
			runOnlyForDeploymentPostprocessing = 0;
		};
/* End PBXResourcesBuildPhase section */

/* Begin PBXSourcesBuildPhase section */
		3B5228322D6E843500CF16B0 /* Sources */ = {
			isa = PBXSourcesBuildPhase;
			buildActionMask = 2147483647;
			files = (
			);
			runOnlyForDeploymentPostprocessing = 0;
		};
		3B5228432D6E843600CF16B0 /* Sources */ = {
			isa = PBXSourcesBuildPhase;
			buildActionMask = 2147483647;
			files = (
			);
			runOnlyForDeploymentPostprocessing = 0;
		};
		3B52284D2D6E843600CF16B0 /* Sources */ = {
			isa = PBXSourcesBuildPhase;
			buildActionMask = 2147483647;
			files = (
			);
			runOnlyForDeploymentPostprocessing = 0;
		};
/* End PBXSourcesBuildPhase section */

/* Begin PBXTargetDependency section */
		3B5228492D6E843600CF16B0 /* PBXTargetDependency */ = {
			isa = PBXTargetDependency;
			target = 3B5228352D6E843500CF16B0 /* TrimrPix */;
			targetProxy = 3B5228482D6E843600CF16B0 /* PBXContainerItemProxy */;
		};
		3B5228532D6E843600CF16B0 /* PBXTargetDependency */ = {
			isa = PBXTargetDependency;
			target = 3B5228352D6E843500CF16B0 /* TrimrPix */;
			targetProxy = 3B5228522D6E843600CF16B0 /* PBXContainerItemProxy */;
		};
/* End PBXTargetDependency section */

/* Begin XCBuildConfiguration section */
		3B5228592D6E843600CF16B0 /* Debug */ = {
			isa = XCBuildConfiguration;
			buildSettings = {
				ALWAYS_SEARCH_USER_PATHS = NO;
				ASSETCATALOG_COMPILER_GENERATE_SWIFT_ASSET_SYMBOL_EXTENSIONS = YES;
				CLANG_ANALYZER_NONNULL = YES;
				CLANG_ANALYZER_NUMBER_OBJECT_CONVERSION = YES_AGGRESSIVE;
				CLANG_CXX_LANGUAGE_STANDARD = "gnu++20";
				CLANG_ENABLE_MODULES = YES;
				CLANG_ENABLE_OBJC_ARC = YES;
				CLANG_ENABLE_OBJC_WEAK = YES;
				CLANG_WARN_BLOCK_CAPTURE_AUTORELEASING = YES;
				CLANG_WARN_BOOL_CONVERSION = YES;
				CLANG_WARN_COMMA = YES;
				CLANG_WARN_CONSTANT_CONVERSION = YES;
				CLANG_WARN_DEPRECATED_OBJC_IMPLEMENTATIONS = YES;
				CLANG_WARN_DIRECT_OBJC_ISA_USAGE = YES_ERROR;
				CLANG_WARN_DOCUMENTATION_COMMENTS = YES;
				CLANG_WARN_EMPTY_BODY = YES;
				CLANG_WARN_ENUM_CONVERSION = YES;
				CLANG_WARN_INFINITE_RECURSION = YES;
				CLANG_WARN_INT_CONVERSION = YES;
				CLANG_WARN_NON_LITERAL_NULL_CONVERSION = YES;
				CLANG_WARN_OBJC_IMPLICIT_RETAIN_SELF = YES;
				CLANG_WARN_OBJC_LITERAL_CONVERSION = YES;
				CLANG_WARN_OBJC_ROOT_CLASS = YES_ERROR;
				CLANG_WARN_QUOTED_INCLUDE_IN_FRAMEWORK_HEADER = YES;
				CLANG_WARN_RANGE_LOOP_ANALYSIS = YES;
				CLANG_WARN_STRICT_PROTOTYPES = YES;
				CLANG_WARN_SUSPICIOUS_MOVE = YES;
				CLANG_WARN_UNGUARDED_AVAILABILITY = YES_AGGRESSIVE;
				CLANG_WARN_UNREACHABLE_CODE = YES;
				CLANG_WARN__DUPLICATE_METHOD_MATCH = YES;
				COPY_PHASE_STRIP = NO;
				DEBUG_INFORMATION_FORMAT = dwarf;
				ENABLE_STRICT_OBJC_MSGSEND = YES;
				ENABLE_TESTABILITY = YES;
				ENABLE_USER_SCRIPT_SANDBOXING = YES;
				GCC_C_LANGUAGE_STANDARD = gnu17;
				GCC_DYNAMIC_NO_PIC = NO;
				GCC_NO_COMMON_BLOCKS = YES;
				GCC_OPTIMIZATION_LEVEL = 0;
				GCC_PREPROCESSOR_DEFINITIONS = (
					"DEBUG=1",
					"$(inherited)",
				);
				GCC_WARN_64_TO_32_BIT_CONVERSION = YES;
				GCC_WARN_ABOUT_RETURN_TYPE = YES_ERROR;
				GCC_WARN_UNDECLARED_SELECTOR = YES;
				GCC_WARN_UNINITIALIZED_AUTOS = YES_AGGRESSIVE;
				GCC_WARN_UNUSED_FUNCTION = YES;
				GCC_WARN_UNUSED_VARIABLE = YES;
				LOCALIZATION_PREFERS_STRING_CATALOGS = YES;
				MACOSX_DEPLOYMENT_TARGET = 15.2;
				MTL_ENABLE_DEBUG_INFO = INCLUDE_SOURCE;
				MTL_FAST_MATH = YES;
				ONLY_ACTIVE_ARCH = YES;
				SDKROOT = macosx;
				SWIFT_ACTIVE_COMPILATION_CONDITIONS = "DEBUG $(inherited)";
				SWIFT_OPTIMIZATION_LEVEL = "-Onone";
			};
			name = Debug;
		};
		3B52285A2D6E843600CF16B0 /* Release */ = {
			isa = XCBuildConfiguration;
			buildSettings = {
				ALWAYS_SEARCH_USER_PATHS = NO;
				ASSETCATALOG_COMPILER_GENERATE_SWIFT_ASSET_SYMBOL_EXTENSIONS = YES;
				CLANG_ANALYZER_NONNULL = YES;
				CLANG_ANALYZER_NUMBER_OBJECT_CONVERSION = YES_AGGRESSIVE;
				CLANG_CXX_LANGUAGE_STANDARD = "gnu++20";
				CLANG_ENABLE_MODULES = YES;
				CLANG_ENABLE_OBJC_ARC = YES;
				CLANG_ENABLE_OBJC_WEAK = YES;
				CLANG_WARN_BLOCK_CAPTURE_AUTORELEASING = YES;
				CLANG_WARN_BOOL_CONVERSION = YES;
				CLANG_WARN_COMMA = YES;
				CLANG_WARN_CONSTANT_CONVERSION = YES;
				CLANG_WARN_DEPRECATED_OBJC_IMPLEMENTATIONS = YES;
				CLANG_WARN_DIRECT_OBJC_ISA_USAGE = YES_ERROR;
				CLANG_WARN_DOCUMENTATION_COMMENTS = YES;
				CLANG_WARN_EMPTY_BODY = YES;
				CLANG_WARN_ENUM_CONVERSION = YES;
				CLANG_WARN_INFINITE_RECURSION = YES;
				CLANG_WARN_INT_CONVERSION = YES;
				CLANG_WARN_NON_LITERAL_NULL_CONVERSION = YES;
				CLANG_WARN_OBJC_IMPLICIT_RETAIN_SELF = YES;
				CLANG_WARN_OBJC_LITERAL_CONVERSION = YES;
				CLANG_WARN_OBJC_ROOT_CLASS = YES_ERROR;
				CLANG_WARN_QUOTED_INCLUDE_IN_FRAMEWORK_HEADER = YES;
				CLANG_WARN_RANGE_LOOP_ANALYSIS = YES;
				CLANG_WARN_STRICT_PROTOTYPES = YES;
				CLANG_WARN_SUSPICIOUS_MOVE = YES;
				CLANG_WARN_UNGUARDED_AVAILABILITY = YES_AGGRESSIVE;
				CLANG_WARN_UNREACHABLE_CODE = YES;
				CLANG_WARN__DUPLICATE_METHOD_MATCH = YES;
				COPY_PHASE_STRIP = NO;
				DEBUG_INFORMATION_FORMAT = "dwarf-with-dsym";
				ENABLE_NS_ASSERTIONS = NO;
				ENABLE_STRICT_OBJC_MSGSEND = YES;
				ENABLE_USER_SCRIPT_SANDBOXING = YES;
				GCC_C_LANGUAGE_STANDARD = gnu17;
				GCC_NO_COMMON_BLOCKS = YES;
				GCC_WARN_64_TO_32_BIT_CONVERSION = YES;
				GCC_WARN_ABOUT_RETURN_TYPE = YES_ERROR;
				GCC_WARN_UNDECLARED_SELECTOR = YES;
				GCC_WARN_UNINITIALIZED_AUTOS = YES_AGGRESSIVE;
				GCC_WARN_UNUSED_FUNCTION = YES;
				GCC_WARN_UNUSED_VARIABLE = YES;
				LOCALIZATION_PREFERS_STRING_CATALOGS = YES;
				MACOSX_DEPLOYMENT_TARGET = 15.2;
				MTL_ENABLE_DEBUG_INFO = NO;
				MTL_FAST_MATH = YES;
				SDKROOT = macosx;
				SWIFT_COMPILATION_MODE = wholemodule;
			};
			name = Release;
		};
		3B52285C2D6E843600CF16B0 /* Debug */ = {
			isa = XCBuildConfiguration;
			buildSettings = {
				ASSETCATALOG_COMPILER_APPICON_NAME = AppIcon;
				ASSETCATALOG_COMPILER_GLOBAL_ACCENT_COLOR_NAME = AccentColor;
				ASSETCATALOG_COMPILER_INCLUDE_ALL_APPICON_ASSETS = NO;
				CODE_SIGN_ENTITLEMENTS = TrimrPix/TrimrPix.entitlements;
				CODE_SIGN_STYLE = Automatic;
				COMBINE_HIDPI_IMAGES = YES;
				CURRENT_PROJECT_VERSION = 1;
				DEVELOPMENT_ASSET_PATHS = "\"TrimrPix/Preview Content\"";
				DEVELOPMENT_TEAM = 2W8JWUKC7L;
				ENABLE_HARDENED_RUNTIME = YES;
				ENABLE_PREVIEWS = YES;
				GENERATE_INFOPLIST_FILE = YES;
				INFOPLIST_KEY_CFBundleDisplayName = "TrimrPix - Modern image optimization tool";
				INFOPLIST_KEY_LSApplicationCategoryType = "public.app-category.graphics-design";
				INFOPLIST_KEY_NSHumanReadableCopyright = "";
				LD_RUNPATH_SEARCH_PATHS = (
					"$(inherited)",
					"@executable_path/../Frameworks",
				);
				MARKETING_VERSION = 1.0;
				PRODUCT_BUNDLE_IDENTIFIER = com.iamjarl.trimrpix.TrimrPix;
				PRODUCT_NAME = "$(TARGET_NAME)";
				SWIFT_EMIT_LOC_STRINGS = YES;
				SWIFT_VERSION = 5.0;
			};
			name = Debug;
		};
		3B52285D2D6E843600CF16B0 /* Release */ = {
			isa = XCBuildConfiguration;
			buildSettings = {
				ASSETCATALOG_COMPILER_APPICON_NAME = AppIcon;
				ASSETCATALOG_COMPILER_GLOBAL_ACCENT_COLOR_NAME = AccentColor;
				ASSETCATALOG_COMPILER_INCLUDE_ALL_APPICON_ASSETS = NO;
				CODE_SIGN_ENTITLEMENTS = TrimrPix/TrimrPix.entitlements;
				CODE_SIGN_STYLE = Automatic;
				COMBINE_HIDPI_IMAGES = YES;
				CURRENT_PROJECT_VERSION = 1;
				DEVELOPMENT_ASSET_PATHS = "\"TrimrPix/Preview Content\"";
				DEVELOPMENT_TEAM = 2W8JWUKC7L;
				ENABLE_HARDENED_RUNTIME = YES;
				ENABLE_PREVIEWS = YES;
				GENERATE_INFOPLIST_FILE = YES;
				INFOPLIST_KEY_CFBundleDisplayName = "TrimrPix - Modern image optimization tool";
				INFOPLIST_KEY_LSApplicationCategoryType = "public.app-category.graphics-design";
				INFOPLIST_KEY_NSHumanReadableCopyright = "";
				LD_RUNPATH_SEARCH_PATHS = (
					"$(inherited)",
					"@executable_path/../Frameworks",
				);
				MARKETING_VERSION = 1.0;
				PRODUCT_BUNDLE_IDENTIFIER = com.iamjarl.trimrpix.TrimrPix;
				PRODUCT_NAME = "$(TARGET_NAME)";
				SWIFT_EMIT_LOC_STRINGS = YES;
				SWIFT_VERSION = 5.0;
			};
			name = Release;
		};
		3B52285F2D6E843600CF16B0 /* Debug */ = {
			isa = XCBuildConfiguration;
			buildSettings = {
				BUNDLE_LOADER = "$(TEST_HOST)";
				CODE_SIGN_STYLE = Automatic;
				CURRENT_PROJECT_VERSION = 1;
				DEVELOPMENT_TEAM = 2W8JWUKC7L;
				GENERATE_INFOPLIST_FILE = YES;
				MACOSX_DEPLOYMENT_TARGET = 15.2;
				MARKETING_VERSION = 1.0;
				PRODUCT_BUNDLE_IDENTIFIER = com.iamjarl.trimrpix.TrimrPixTests;
				PRODUCT_NAME = "$(TARGET_NAME)";
				SWIFT_EMIT_LOC_STRINGS = NO;
				SWIFT_VERSION = 5.0;
				TEST_HOST = "$(BUILT_PRODUCTS_DIR)/TrimrPix.app/$(BUNDLE_EXECUTABLE_FOLDER_PATH)/TrimrPix";
			};
			name = Debug;
		};
		3B5228602D6E843600CF16B0 /* Release */ = {
			isa = XCBuildConfiguration;
			buildSettings = {
				BUNDLE_LOADER = "$(TEST_HOST)";
				CODE_SIGN_STYLE = Automatic;
				CURRENT_PROJECT_VERSION = 1;
				DEVELOPMENT_TEAM = 2W8JWUKC7L;
				GENERATE_INFOPLIST_FILE = YES;
				MACOSX_DEPLOYMENT_TARGET = 15.2;
				MARKETING_VERSION = 1.0;
				PRODUCT_BUNDLE_IDENTIFIER = com.iamjarl.trimrpix.TrimrPixTests;
				PRODUCT_NAME = "$(TARGET_NAME)";
				SWIFT_EMIT_LOC_STRINGS = NO;
				SWIFT_VERSION = 5.0;
				TEST_HOST = "$(BUILT_PRODUCTS_DIR)/TrimrPix.app/$(BUNDLE_EXECUTABLE_FOLDER_PATH)/TrimrPix";
			};
			name = Release;
		};
		3B5228622D6E843600CF16B0 /* Debug */ = {
			isa = XCBuildConfiguration;
			buildSettings = {
				CODE_SIGN_STYLE = Automatic;
				CURRENT_PROJECT_VERSION = 1;
				DEVELOPMENT_TEAM = 2W8JWUKC7L;
				GENERATE_INFOPLIST_FILE = YES;
				MARKETING_VERSION = 1.0;
				PRODUCT_BUNDLE_IDENTIFIER = com.iamjarl.trimrpix.TrimrPixUITests;
				PRODUCT_NAME = "$(TARGET_NAME)";
				SWIFT_EMIT_LOC_STRINGS = NO;
				SWIFT_VERSION = 5.0;
				TEST_TARGET_NAME = TrimrPix;
			};
			name = Debug;
		};
		3B5228632D6E843600CF16B0 /* Release */ = {
			isa = XCBuildConfiguration;
			buildSettings = {
				CODE_SIGN_STYLE = Automatic;
				CURRENT_PROJECT_VERSION = 1;
				DEVELOPMENT_TEAM = 2W8JWUKC7L;
				GENERATE_INFOPLIST_FILE = YES;
				MARKETING_VERSION = 1.0;
				PRODUCT_BUNDLE_IDENTIFIER = com.iamjarl.trimrpix.TrimrPixUITests;
				PRODUCT_NAME = "$(TARGET_NAME)";
				SWIFT_EMIT_LOC_STRINGS = NO;
				SWIFT_VERSION = 5.0;
				TEST_TARGET_NAME = TrimrPix;
			};
			name = Release;
		};
/* End XCBuildConfiguration section */

/* Begin XCConfigurationList section */
		3B5228312D6E843500CF16B0 /* Build configuration list for PBXProject "TrimrPix" */ = {
			isa = XCConfigurationList;
			buildConfigurations = (
				3B5228592D6E843600CF16B0 /* Debug */,
				3B52285A2D6E843600CF16B0 /* Release */,
			);
			defaultConfigurationIsVisible = 0;
			defaultConfigurationName = Release;
		};
		3B52285B2D6E843600CF16B0 /* Build configuration list for PBXNativeTarget "TrimrPix" */ = {
			isa = XCConfigurationList;
			buildConfigurations = (
				3B52285C2D6E843600CF16B0 /* Debug */,
				3B52285D2D6E843600CF16B0 /* Release */,
			);
			defaultConfigurationIsVisible = 0;
			defaultConfigurationName = Release;
		};
		3B52285E2D6E843600CF16B0 /* Build configuration list for PBXNativeTarget "TrimrPixTests" */ = {
			isa = XCConfigurationList;
			buildConfigurations = (
				3B52285F2D6E843600CF16B0 /* Debug */,
				3B5228602D6E843600CF16B0 /* Release */,
			);
			defaultConfigurationIsVisible = 0;
			defaultConfigurationName = Release;
		};
		3B5228612D6E843600CF16B0 /* Build configuration list for PBXNativeTarget "TrimrPixUITests" */ = {
			isa = XCConfigurationList;
			buildConfigurations = (
				3B5228622D6E843600CF16B0 /* Debug */,
				3B5228632D6E843600CF16B0 /* Release */,
			);
			defaultConfigurationIsVisible = 0;
			defaultConfigurationName = Release;
		};
/* End XCConfigurationList section */
	};
	rootObject = 3B52282E2D6E843500CF16B0 /* Project object */;
}
